// !$*UTF8*$!
{
	archiveVersion = 1;
	classes = {
	};
	objectVersion = 55;
	objects = {

/* Begin PBXBuildFile section */
		00113AE5C4B1F1245E0E5B3D /* Pods_Foodify.framework in Frameworks */ = {isa = PBXBuildFile; fileRef = 78ADAA412125A28958719E33 /* Pods_Foodify.framework */; };
		742C8B28ECDEFE175F09E107 /* Pods_FoodifyTests.framework in Frameworks */ = {isa = PBXBuildFile; fileRef = 120FADDBEAD31D919690DF24 /* Pods_FoodifyTests.framework */; };
		B086611527F8A0D50098A0CC /* PopularCVC.swift in Sources */ = {isa = PBXBuildFile; fileRef = B086611327F8A0D50098A0CC /* PopularCVC.swift */; };
		B086611627F8A0D50098A0CC /* PopularCVC.xib in Resources */ = {isa = PBXBuildFile; fileRef = B086611427F8A0D50098A0CC /* PopularCVC.xib */; };
		B086611827F8A28E0098A0CC /* Dish.swift in Sources */ = {isa = PBXBuildFile; fileRef = B086611727F8A28E0098A0CC /* Dish.swift */; };
		B09EF9B027D3836300A65B54 /* AppDelegate.swift in Sources */ = {isa = PBXBuildFile; fileRef = B09EF9AF27D3836300A65B54 /* AppDelegate.swift */; };
		B09EF9B227D3836300A65B54 /* SceneDelegate.swift in Sources */ = {isa = PBXBuildFile; fileRef = B09EF9B127D3836300A65B54 /* SceneDelegate.swift */; };
		B09EF9B427D3836300A65B54 /* ViewController.swift in Sources */ = {isa = PBXBuildFile; fileRef = B09EF9B327D3836300A65B54 /* ViewController.swift */; };
		B09EF9B727D3836300A65B54 /* Main.storyboard in Resources */ = {isa = PBXBuildFile; fileRef = B09EF9B527D3836300A65B54 /* Main.storyboard */; };
		B09EF9B927D3836500A65B54 /* Assets.xcassets in Resources */ = {isa = PBXBuildFile; fileRef = B09EF9B827D3836500A65B54 /* Assets.xcassets */; };
		B09EF9BC27D3836500A65B54 /* LaunchScreen.storyboard in Resources */ = {isa = PBXBuildFile; fileRef = B09EF9BA27D3836500A65B54 /* LaunchScreen.storyboard */; };
		B09EF9C727D3836600A65B54 /* FoodifyTests.swift in Sources */ = {isa = PBXBuildFile; fileRef = B09EF9C627D3836600A65B54 /* FoodifyTests.swift */; };
		B09EF9D127D3836600A65B54 /* FoodifyUITests.swift in Sources */ = {isa = PBXBuildFile; fileRef = B09EF9D027D3836600A65B54 /* FoodifyUITests.swift */; };
		B09EF9D327D3836600A65B54 /* FoodifyUITestsLaunchTests.swift in Sources */ = {isa = PBXBuildFile; fileRef = B09EF9D227D3836600A65B54 /* FoodifyUITestsLaunchTests.swift */; };
		B09EF9E327D3A35F00A65B54 /* OnboardingSlide.swift in Sources */ = {isa = PBXBuildFile; fileRef = B09EF9E227D3A35F00A65B54 /* OnboardingSlide.swift */; };
		B09EF9E527D3A3B800A65B54 /* Onboarding.storyboard in Resources */ = {isa = PBXBuildFile; fileRef = B09EF9E427D3A3B800A65B54 /* Onboarding.storyboard */; };
		B09EF9E727D3A54200A65B54 /* OnboardingVC.swift in Sources */ = {isa = PBXBuildFile; fileRef = B09EF9E627D3A54200A65B54 /* OnboardingVC.swift */; };
		B09EF9EA27D3A78400A65B54 /* UIViews.swift in Sources */ = {isa = PBXBuildFile; fileRef = B09EF9E927D3A78400A65B54 /* UIViews.swift */; };
		B09EF9EC27D3AC5500A65B54 /* OnboardingCVC.swift in Sources */ = {isa = PBXBuildFile; fileRef = B09EF9EB27D3AC5500A65B54 /* OnboardingCVC.swift */; };
		B09EF9EF27D3BB8900A65B54 /* Home.storyboard in Resources */ = {isa = PBXBuildFile; fileRef = B09EF9EE27D3BB8900A65B54 /* Home.storyboard */; };
		B09EF9F127D3C78700A65B54 /* HomeVC.swift in Sources */ = {isa = PBXBuildFile; fileRef = B09EF9F027D3C78700A65B54 /* HomeVC.swift */; };
		B09EF9F727D3EDA400A65B54 /* CategoryCVC.swift in Sources */ = {isa = PBXBuildFile; fileRef = B09EF9F527D3EDA400A65B54 /* CategoryCVC.swift */; };
		B09EF9F827D3EDA400A65B54 /* CategoryCVC.xib in Resources */ = {isa = PBXBuildFile; fileRef = B09EF9F627D3EDA400A65B54 /* CategoryCVC.xib */; };
		B09EF9FA27D3EF4900A65B54 /* DishCategory.swift in Sources */ = {isa = PBXBuildFile; fileRef = B09EF9F927D3EF4900A65B54 /* DishCategory.swift */; };
		B09EF9FC27D3F0B400A65B54 /* Strings.swift in Sources */ = {isa = PBXBuildFile; fileRef = B09EF9FB27D3F0B400A65B54 /* Strings.swift */; };
		B09EF9FE27D3F80D00A65B54 /* CardView.swift in Sources */ = {isa = PBXBuildFile; fileRef = B09EF9FD27D3F80D00A65B54 /* CardView.swift */; };
		FC3B03A8C4E2A841DCFD338B /* Pods_Foodify_FoodifyUITests.framework in Frameworks */ = {isa = PBXBuildFile; fileRef = 4778A63C74171E58E9D70715 /* Pods_Foodify_FoodifyUITests.framework */; };
/* End PBXBuildFile section */

/* Begin PBXContainerItemProxy section */
		B09EF9C327D3836600A65B54 /* PBXContainerItemProxy */ = {
			isa = PBXContainerItemProxy;
			containerPortal = B09EF9A427D3836300A65B54 /* Project object */;
			proxyType = 1;
			remoteGlobalIDString = B09EF9AB27D3836300A65B54;
			remoteInfo = Foodify;
		};
		B09EF9CD27D3836600A65B54 /* PBXContainerItemProxy */ = {
			isa = PBXContainerItemProxy;
			containerPortal = B09EF9A427D3836300A65B54 /* Project object */;
			proxyType = 1;
			remoteGlobalIDString = B09EF9AB27D3836300A65B54;
			remoteInfo = Foodify;
		};
/* End PBXContainerItemProxy section */

/* Begin PBXFileReference section */
		05AF5D877AC69714132038F3 /* Pods-FoodifyTests.release.xcconfig */ = {isa = PBXFileReference; includeInIndex = 1; lastKnownFileType = text.xcconfig; name = "Pods-FoodifyTests.release.xcconfig"; path = "Target Support Files/Pods-FoodifyTests/Pods-FoodifyTests.release.xcconfig"; sourceTree = "<group>"; };
		120FADDBEAD31D919690DF24 /* Pods_FoodifyTests.framework */ = {isa = PBXFileReference; explicitFileType = wrapper.framework; includeInIndex = 0; path = Pods_FoodifyTests.framework; sourceTree = BUILT_PRODUCTS_DIR; };
		4778A63C74171E58E9D70715 /* Pods_Foodify_FoodifyUITests.framework */ = {isa = PBXFileReference; explicitFileType = wrapper.framework; includeInIndex = 0; path = Pods_Foodify_FoodifyUITests.framework; sourceTree = BUILT_PRODUCTS_DIR; };
		71161F2CE310FE22A23745DA /* Pods-Foodify.debug.xcconfig */ = {isa = PBXFileReference; includeInIndex = 1; lastKnownFileType = text.xcconfig; name = "Pods-Foodify.debug.xcconfig"; path = "Target Support Files/Pods-Foodify/Pods-Foodify.debug.xcconfig"; sourceTree = "<group>"; };
		78ADAA412125A28958719E33 /* Pods_Foodify.framework */ = {isa = PBXFileReference; explicitFileType = wrapper.framework; includeInIndex = 0; path = Pods_Foodify.framework; sourceTree = BUILT_PRODUCTS_DIR; };
		8B47114496F614EC40A2D3AA /* Pods-Foodify.release.xcconfig */ = {isa = PBXFileReference; includeInIndex = 1; lastKnownFileType = text.xcconfig; name = "Pods-Foodify.release.xcconfig"; path = "Target Support Files/Pods-Foodify/Pods-Foodify.release.xcconfig"; sourceTree = "<group>"; };
		9F93A50D2A05A3C498E1F104 /* Pods-Foodify-FoodifyUITests.debug.xcconfig */ = {isa = PBXFileReference; includeInIndex = 1; lastKnownFileType = text.xcconfig; name = "Pods-Foodify-FoodifyUITests.debug.xcconfig"; path = "Target Support Files/Pods-Foodify-FoodifyUITests/Pods-Foodify-FoodifyUITests.debug.xcconfig"; sourceTree = "<group>"; };
		B086611327F8A0D50098A0CC /* PopularCVC.swift */ = {isa = PBXFileReference; lastKnownFileType = sourcecode.swift; path = PopularCVC.swift; sourceTree = "<group>"; };
		B086611427F8A0D50098A0CC /* PopularCVC.xib */ = {isa = PBXFileReference; lastKnownFileType = file.xib; path = PopularCVC.xib; sourceTree = "<group>"; };
		B086611727F8A28E0098A0CC /* Dish.swift */ = {isa = PBXFileReference; lastKnownFileType = sourcecode.swift; path = Dish.swift; sourceTree = "<group>"; };
		B09EF9AC27D3836300A65B54 /* Foodify.app */ = {isa = PBXFileReference; explicitFileType = wrapper.application; includeInIndex = 0; path = Foodify.app; sourceTree = BUILT_PRODUCTS_DIR; };
		B09EF9AF27D3836300A65B54 /* AppDelegate.swift */ = {isa = PBXFileReference; lastKnownFileType = sourcecode.swift; path = AppDelegate.swift; sourceTree = "<group>"; };
		B09EF9B127D3836300A65B54 /* SceneDelegate.swift */ = {isa = PBXFileReference; lastKnownFileType = sourcecode.swift; path = SceneDelegate.swift; sourceTree = "<group>"; };
		B09EF9B327D3836300A65B54 /* ViewController.swift */ = {isa = PBXFileReference; lastKnownFileType = sourcecode.swift; path = ViewController.swift; sourceTree = "<group>"; };
		B09EF9B627D3836300A65B54 /* Base */ = {isa = PBXFileReference; lastKnownFileType = file.storyboard; name = Base; path = Base.lproj/Main.storyboard; sourceTree = "<group>"; };
		B09EF9B827D3836500A65B54 /* Assets.xcassets */ = {isa = PBXFileReference; lastKnownFileType = folder.assetcatalog; path = Assets.xcassets; sourceTree = "<group>"; };
		B09EF9BB27D3836500A65B54 /* Base */ = {isa = PBXFileReference; lastKnownFileType = file.storyboard; name = Base; path = Base.lproj/LaunchScreen.storyboard; sourceTree = "<group>"; };
		B09EF9BD27D3836500A65B54 /* Info.plist */ = {isa = PBXFileReference; lastKnownFileType = text.plist.xml; path = Info.plist; sourceTree = "<group>"; };
		B09EF9C227D3836600A65B54 /* FoodifyTests.xctest */ = {isa = PBXFileReference; explicitFileType = wrapper.cfbundle; includeInIndex = 0; path = FoodifyTests.xctest; sourceTree = BUILT_PRODUCTS_DIR; };
		B09EF9C627D3836600A65B54 /* FoodifyTests.swift */ = {isa = PBXFileReference; lastKnownFileType = sourcecode.swift; path = FoodifyTests.swift; sourceTree = "<group>"; };
		B09EF9CC27D3836600A65B54 /* FoodifyUITests.xctest */ = {isa = PBXFileReference; explicitFileType = wrapper.cfbundle; includeInIndex = 0; path = FoodifyUITests.xctest; sourceTree = BUILT_PRODUCTS_DIR; };
		B09EF9D027D3836600A65B54 /* FoodifyUITests.swift */ = {isa = PBXFileReference; lastKnownFileType = sourcecode.swift; path = FoodifyUITests.swift; sourceTree = "<group>"; };
		B09EF9D227D3836600A65B54 /* FoodifyUITestsLaunchTests.swift */ = {isa = PBXFileReference; lastKnownFileType = sourcecode.swift; path = FoodifyUITestsLaunchTests.swift; sourceTree = "<group>"; };
		B09EF9E227D3A35F00A65B54 /* OnboardingSlide.swift */ = {isa = PBXFileReference; lastKnownFileType = sourcecode.swift; path = OnboardingSlide.swift; sourceTree = "<group>"; };
		B09EF9E427D3A3B800A65B54 /* Onboarding.storyboard */ = {isa = PBXFileReference; lastKnownFileType = file.storyboard; path = Onboarding.storyboard; sourceTree = "<group>"; };
		B09EF9E627D3A54200A65B54 /* OnboardingVC.swift */ = {isa = PBXFileReference; lastKnownFileType = sourcecode.swift; path = OnboardingVC.swift; sourceTree = "<group>"; };
		B09EF9E927D3A78400A65B54 /* UIViews.swift */ = {isa = PBXFileReference; lastKnownFileType = sourcecode.swift; path = UIViews.swift; sourceTree = "<group>"; };
		B09EF9EB27D3AC5500A65B54 /* OnboardingCVC.swift */ = {isa = PBXFileReference; lastKnownFileType = sourcecode.swift; path = OnboardingCVC.swift; sourceTree = "<group>"; };
		B09EF9EE27D3BB8900A65B54 /* Home.storyboard */ = {isa = PBXFileReference; lastKnownFileType = file.storyboard; path = Home.storyboard; sourceTree = "<group>"; };
		B09EF9F027D3C78700A65B54 /* HomeVC.swift */ = {isa = PBXFileReference; lastKnownFileType = sourcecode.swift; path = HomeVC.swift; sourceTree = "<group>"; };
		B09EF9F527D3EDA400A65B54 /* CategoryCVC.swift */ = {isa = PBXFileReference; lastKnownFileType = sourcecode.swift; path = CategoryCVC.swift; sourceTree = "<group>"; };
		B09EF9F627D3EDA400A65B54 /* CategoryCVC.xib */ = {isa = PBXFileReference; lastKnownFileType = file.xib; path = CategoryCVC.xib; sourceTree = "<group>"; };
		B09EF9F927D3EF4900A65B54 /* DishCategory.swift */ = {isa = PBXFileReference; lastKnownFileType = sourcecode.swift; path = DishCategory.swift; sourceTree = "<group>"; };
		B09EF9FB27D3F0B400A65B54 /* Strings.swift */ = {isa = PBXFileReference; lastKnownFileType = sourcecode.swift; path = Strings.swift; sourceTree = "<group>"; };
		B09EF9FD27D3F80D00A65B54 /* CardView.swift */ = {isa = PBXFileReference; lastKnownFileType = sourcecode.swift; path = CardView.swift; sourceTree = "<group>"; };
		C11703E24628D6C2C567E542 /* Pods-Foodify-FoodifyUITests.release.xcconfig */ = {isa = PBXFileReference; includeInIndex = 1; lastKnownFileType = text.xcconfig; name = "Pods-Foodify-FoodifyUITests.release.xcconfig"; path = "Target Support Files/Pods-Foodify-FoodifyUITests/Pods-Foodify-FoodifyUITests.release.xcconfig"; sourceTree = "<group>"; };
		F16C065C9DFDBA23676CD9A8 /* Pods-FoodifyTests.debug.xcconfig */ = {isa = PBXFileReference; includeInIndex = 1; lastKnownFileType = text.xcconfig; name = "Pods-FoodifyTests.debug.xcconfig"; path = "Target Support Files/Pods-FoodifyTests/Pods-FoodifyTests.debug.xcconfig"; sourceTree = "<group>"; };
/* End PBXFileReference section */

/* Begin PBXFrameworksBuildPhase section */
		B09EF9A927D3836300A65B54 /* Frameworks */ = {
			isa = PBXFrameworksBuildPhase;
			buildActionMask = 2147483647;
			files = (
				00113AE5C4B1F1245E0E5B3D /* Pods_Foodify.framework in Frameworks */,
			);
			runOnlyForDeploymentPostprocessing = 0;
		};
		B09EF9BF27D3836600A65B54 /* Frameworks */ = {
			isa = PBXFrameworksBuildPhase;
			buildActionMask = 2147483647;
			files = (
				742C8B28ECDEFE175F09E107 /* Pods_FoodifyTests.framework in Frameworks */,
			);
			runOnlyForDeploymentPostprocessing = 0;
		};
		B09EF9C927D3836600A65B54 /* Frameworks */ = {
			isa = PBXFrameworksBuildPhase;
			buildActionMask = 2147483647;
			files = (
				FC3B03A8C4E2A841DCFD338B /* Pods_Foodify_FoodifyUITests.framework in Frameworks */,
			);
			runOnlyForDeploymentPostprocessing = 0;
		};
/* End PBXFrameworksBuildPhase section */

/* Begin PBXGroup section */
		58363723EEC81973D0BD59F8 /* Frameworks */ = {
			isa = PBXGroup;
			children = (
				78ADAA412125A28958719E33 /* Pods_Foodify.framework */,
				4778A63C74171E58E9D70715 /* Pods_Foodify_FoodifyUITests.framework */,
				120FADDBEAD31D919690DF24 /* Pods_FoodifyTests.framework */,
			);
			name = Frameworks;
			sourceTree = "<group>";
		};
		ABCBAC727D81F7044FF04F02 /* Pods */ = {
			isa = PBXGroup;
			children = (
				71161F2CE310FE22A23745DA /* Pods-Foodify.debug.xcconfig */,
				8B47114496F614EC40A2D3AA /* Pods-Foodify.release.xcconfig */,
				9F93A50D2A05A3C498E1F104 /* Pods-Foodify-FoodifyUITests.debug.xcconfig */,
				C11703E24628D6C2C567E542 /* Pods-Foodify-FoodifyUITests.release.xcconfig */,
				F16C065C9DFDBA23676CD9A8 /* Pods-FoodifyTests.debug.xcconfig */,
				05AF5D877AC69714132038F3 /* Pods-FoodifyTests.release.xcconfig */,
			);
			path = Pods;
			sourceTree = "<group>";
		};
		B086611227F8A0960098A0CC /* PopularCollectionViewCell */ = {
			isa = PBXGroup;
			children = (
				B086611327F8A0D50098A0CC /* PopularCVC.swift */,
				B086611427F8A0D50098A0CC /* PopularCVC.xib */,
			);
			path = PopularCollectionViewCell;
			sourceTree = "<group>";
		};
		B09EF9A327D3836300A65B54 = {
			isa = PBXGroup;
			children = (
				B09EF9AE27D3836300A65B54 /* Foodify */,
				B09EF9C527D3836600A65B54 /* FoodifyTests */,
				B09EF9CF27D3836600A65B54 /* FoodifyUITests */,
				B09EF9AD27D3836300A65B54 /* Products */,
				ABCBAC727D81F7044FF04F02 /* Pods */,
				58363723EEC81973D0BD59F8 /* Frameworks */,
			);
			sourceTree = "<group>";
		};
		B09EF9AD27D3836300A65B54 /* Products */ = {
			isa = PBXGroup;
			children = (
				B09EF9AC27D3836300A65B54 /* Foodify.app */,
				B09EF9C227D3836600A65B54 /* FoodifyTests.xctest */,
				B09EF9CC27D3836600A65B54 /* FoodifyUITests.xctest */,
			);
			name = Products;
			sourceTree = "<group>";
		};
		B09EF9AE27D3836300A65B54 /* Foodify */ = {
			isa = PBXGroup;
			children = (
				B09EF9DF27D3A32900A65B54 /* Models */,
				B09EF9F227D3ED3B00A65B54 /* Views */,
				B09EF9E027D3A33200A65B54 /* Controllers */,
				B09EF9E827D3A75000A65B54 /* Extensions */,
				B09EF9AF27D3836300A65B54 /* AppDelegate.swift */,
				B09EF9B127D3836300A65B54 /* SceneDelegate.swift */,
				B09EF9B327D3836300A65B54 /* ViewController.swift */,
				B09EF9B527D3836300A65B54 /* Main.storyboard */,
				B09EF9B827D3836500A65B54 /* Assets.xcassets */,
				B09EF9BA27D3836500A65B54 /* LaunchScreen.storyboard */,
				B09EF9BD27D3836500A65B54 /* Info.plist */,
			);
			path = Foodify;
			sourceTree = "<group>";
		};
		B09EF9C527D3836600A65B54 /* FoodifyTests */ = {
			isa = PBXGroup;
			children = (
				B09EF9C627D3836600A65B54 /* FoodifyTests.swift */,
			);
			path = FoodifyTests;
			sourceTree = "<group>";
		};
		B09EF9CF27D3836600A65B54 /* FoodifyUITests */ = {
			isa = PBXGroup;
			children = (
				B09EF9D027D3836600A65B54 /* FoodifyUITests.swift */,
				B09EF9D227D3836600A65B54 /* FoodifyUITestsLaunchTests.swift */,
			);
			path = FoodifyUITests;
			sourceTree = "<group>";
		};
		B09EF9DF27D3A32900A65B54 /* Models */ = {
			isa = PBXGroup;
			children = (
				B09EF9E227D3A35F00A65B54 /* OnboardingSlide.swift */,
				B09EF9F927D3EF4900A65B54 /* DishCategory.swift */,
				B086611727F8A28E0098A0CC /* Dish.swift */,
			);
			path = Models;
			sourceTree = "<group>";
		};
		B09EF9E027D3A33200A65B54 /* Controllers */ = {
			isa = PBXGroup;
			children = (
				B09EF9ED27D3BB7000A65B54 /* Home */,
				B09EF9E127D3A34400A65B54 /* Onboarding */,
			);
			path = Controllers;
			sourceTree = "<group>";
		};
		B09EF9E127D3A34400A65B54 /* Onboarding */ = {
			isa = PBXGroup;
			children = (
				B09EF9E427D3A3B800A65B54 /* Onboarding.storyboard */,
				B09EF9E627D3A54200A65B54 /* OnboardingVC.swift */,
				B09EF9EB27D3AC5500A65B54 /* OnboardingCVC.swift */,
			);
			path = Onboarding;
			sourceTree = "<group>";
		};
		B09EF9E827D3A75000A65B54 /* Extensions */ = {
			isa = PBXGroup;
			children = (
				B09EF9E927D3A78400A65B54 /* UIViews.swift */,
				B09EF9FB27D3F0B400A65B54 /* Strings.swift */,
			);
			path = Extensions;
			sourceTree = "<group>";
		};
		B09EF9ED27D3BB7000A65B54 /* Home */ = {
			isa = PBXGroup;
			children = (
				B09EF9EE27D3BB8900A65B54 /* Home.storyboard */,
				B09EF9F027D3C78700A65B54 /* HomeVC.swift */,
			);
			path = Home;
			sourceTree = "<group>";
		};
		B09EF9F227D3ED3B00A65B54 /* Views */ = {
			isa = PBXGroup;
			children = (
				B09EF9F327D3ED6300A65B54 /* CollectionViewCells */,
				B09EF9FD27D3F80D00A65B54 /* CardView.swift */,
			);
			path = Views;
			sourceTree = "<group>";
		};
		B09EF9F327D3ED6300A65B54 /* CollectionViewCells */ = {
			isa = PBXGroup;
			children = (
				B086611227F8A0960098A0CC /* PopularCollectionViewCell */,
				B09EF9F427D3ED7900A65B54 /* CategoryCollectionViewCell */,
			);
			path = CollectionViewCells;
			sourceTree = "<group>";
		};
		B09EF9F427D3ED7900A65B54 /* CategoryCollectionViewCell */ = {
			isa = PBXGroup;
			children = (
				B09EF9F527D3EDA400A65B54 /* CategoryCVC.swift */,
				B09EF9F627D3EDA400A65B54 /* CategoryCVC.xib */,
			);
			path = CategoryCollectionViewCell;
			sourceTree = "<group>";
		};
/* End PBXGroup section */

/* Begin PBXNativeTarget section */
		B09EF9AB27D3836300A65B54 /* Foodify */ = {
			isa = PBXNativeTarget;
			buildConfigurationList = B09EF9D627D3836600A65B54 /* Build configuration list for PBXNativeTarget "Foodify" */;
			buildPhases = (
				C171D2235A1EE6A85616010A /* [CP] Check Pods Manifest.lock */,
				B09EF9A827D3836300A65B54 /* Sources */,
				B09EF9A927D3836300A65B54 /* Frameworks */,
				B09EF9AA27D3836300A65B54 /* Resources */,
				7FB3E090EE6EB12BE7EC930F /* [CP] Embed Pods Frameworks */,
			);
			buildRules = (
			);
			dependencies = (
			);
			name = Foodify;
			productName = Foodify;
			productReference = B09EF9AC27D3836300A65B54 /* Foodify.app */;
			productType = "com.apple.product-type.application";
		};
		B09EF9C127D3836600A65B54 /* FoodifyTests */ = {
			isa = PBXNativeTarget;
			buildConfigurationList = B09EF9D927D3836600A65B54 /* Build configuration list for PBXNativeTarget "FoodifyTests" */;
			buildPhases = (
				1BF055322810C359DBC80DC6 /* [CP] Check Pods Manifest.lock */,
				B09EF9BE27D3836600A65B54 /* Sources */,
				B09EF9BF27D3836600A65B54 /* Frameworks */,
				B09EF9C027D3836600A65B54 /* Resources */,
			);
			buildRules = (
			);
			dependencies = (
				B09EF9C427D3836600A65B54 /* PBXTargetDependency */,
			);
			name = FoodifyTests;
			productName = FoodifyTests;
			productReference = B09EF9C227D3836600A65B54 /* FoodifyTests.xctest */;
			productType = "com.apple.product-type.bundle.unit-test";
		};
		B09EF9CB27D3836600A65B54 /* FoodifyUITests */ = {
			isa = PBXNativeTarget;
			buildConfigurationList = B09EF9DC27D3836600A65B54 /* Build configuration list for PBXNativeTarget "FoodifyUITests" */;
			buildPhases = (
				878D715CB9EFA9D34107164C /* [CP] Check Pods Manifest.lock */,
				B09EF9C827D3836600A65B54 /* Sources */,
				B09EF9C927D3836600A65B54 /* Frameworks */,
				B09EF9CA27D3836600A65B54 /* Resources */,
				FFAFA78F914238C00C247B72 /* [CP] Embed Pods Frameworks */,
			);
			buildRules = (
			);
			dependencies = (
				B09EF9CE27D3836600A65B54 /* PBXTargetDependency */,
			);
			name = FoodifyUITests;
			productName = FoodifyUITests;
			productReference = B09EF9CC27D3836600A65B54 /* FoodifyUITests.xctest */;
			productType = "com.apple.product-type.bundle.ui-testing";
		};
/* End PBXNativeTarget section */

/* Begin PBXProject section */
		B09EF9A427D3836300A65B54 /* Project object */ = {
			isa = PBXProject;
			attributes = {
				BuildIndependentTargetsInParallel = 1;
				LastSwiftUpdateCheck = 1320;
				LastUpgradeCheck = 1320;
				TargetAttributes = {
					B09EF9AB27D3836300A65B54 = {
						CreatedOnToolsVersion = 13.2.1;
					};
					B09EF9C127D3836600A65B54 = {
						CreatedOnToolsVersion = 13.2.1;
						TestTargetID = B09EF9AB27D3836300A65B54;
					};
					B09EF9CB27D3836600A65B54 = {
						CreatedOnToolsVersion = 13.2.1;
						TestTargetID = B09EF9AB27D3836300A65B54;
					};
				};
			};
			buildConfigurationList = B09EF9A727D3836300A65B54 /* Build configuration list for PBXProject "Foodify" */;
			compatibilityVersion = "Xcode 13.0";
			developmentRegion = en;
			hasScannedForEncodings = 0;
			knownRegions = (
				en,
				Base,
			);
			mainGroup = B09EF9A327D3836300A65B54;
			productRefGroup = B09EF9AD27D3836300A65B54 /* Products */;
			projectDirPath = "";
			projectRoot = "";
			targets = (
				B09EF9AB27D3836300A65B54 /* Foodify */,
				B09EF9C127D3836600A65B54 /* FoodifyTests */,
				B09EF9CB27D3836600A65B54 /* FoodifyUITests */,
			);
		};
/* End PBXProject section */

/* Begin PBXResourcesBuildPhase section */
		B09EF9AA27D3836300A65B54 /* Resources */ = {
			isa = PBXResourcesBuildPhase;
			buildActionMask = 2147483647;
			files = (
				B09EF9F827D3EDA400A65B54 /* CategoryCVC.xib in Resources */,
				B09EF9BC27D3836500A65B54 /* LaunchScreen.storyboard in Resources */,
				B09EF9EF27D3BB8900A65B54 /* Home.storyboard in Resources */,
				B09EF9B927D3836500A65B54 /* Assets.xcassets in Resources */,
				B09EF9B727D3836300A65B54 /* Main.storyboard in Resources */,
				B09EF9E527D3A3B800A65B54 /* Onboarding.storyboard in Resources */,
				B086611627F8A0D50098A0CC /* PopularCVC.xib in Resources */,
			);
			runOnlyForDeploymentPostprocessing = 0;
		};
		B09EF9C027D3836600A65B54 /* Resources */ = {
			isa = PBXResourcesBuildPhase;
			buildActionMask = 2147483647;
			files = (
			);
			runOnlyForDeploymentPostprocessing = 0;
		};
		B09EF9CA27D3836600A65B54 /* Resources */ = {
			isa = PBXResourcesBuildPhase;
			buildActionMask = 2147483647;
			files = (
			);
			runOnlyForDeploymentPostprocessing = 0;
		};
/* End PBXResourcesBuildPhase section */

/* Begin PBXShellScriptBuildPhase section */
		1BF055322810C359DBC80DC6 /* [CP] Check Pods Manifest.lock */ = {
			isa = PBXShellScriptBuildPhase;
			buildActionMask = 2147483647;
			files = (
			);
			inputFileListPaths = (
			);
			inputPaths = (
				"${PODS_PODFILE_DIR_PATH}/Podfile.lock",
				"${PODS_ROOT}/Manifest.lock",
			);
			name = "[CP] Check Pods Manifest.lock";
			outputFileListPaths = (
			);
			outputPaths = (
				"$(DERIVED_FILE_DIR)/Pods-FoodifyTests-checkManifestLockResult.txt",
			);
			runOnlyForDeploymentPostprocessing = 0;
			shellPath = /bin/sh;
			shellScript = "diff \"${PODS_PODFILE_DIR_PATH}/Podfile.lock\" \"${PODS_ROOT}/Manifest.lock\" > /dev/null\nif [ $? != 0 ] ; then\n    # print error to STDERR\n    echo \"error: The sandbox is not in sync with the Podfile.lock. Run 'pod install' or update your CocoaPods installation.\" >&2\n    exit 1\nfi\n# This output is used by Xcode 'outputs' to avoid re-running this script phase.\necho \"SUCCESS\" > \"${SCRIPT_OUTPUT_FILE_0}\"\n";
			showEnvVarsInLog = 0;
		};
		7FB3E090EE6EB12BE7EC930F /* [CP] Embed Pods Frameworks */ = {
			isa = PBXShellScriptBuildPhase;
			buildActionMask = 2147483647;
			files = (
			);
			inputFileListPaths = (
				"${PODS_ROOT}/Target Support Files/Pods-Foodify/Pods-Foodify-frameworks-${CONFIGURATION}-input-files.xcfilelist",
			);
			name = "[CP] Embed Pods Frameworks";
			outputFileListPaths = (
				"${PODS_ROOT}/Target Support Files/Pods-Foodify/Pods-Foodify-frameworks-${CONFIGURATION}-output-files.xcfilelist",
			);
			runOnlyForDeploymentPostprocessing = 0;
			shellPath = /bin/sh;
			shellScript = "\"${PODS_ROOT}/Target Support Files/Pods-Foodify/Pods-Foodify-frameworks.sh\"\n";
			showEnvVarsInLog = 0;
		};
		878D715CB9EFA9D34107164C /* [CP] Check Pods Manifest.lock */ = {
			isa = PBXShellScriptBuildPhase;
			buildActionMask = 2147483647;
			files = (
			);
			inputFileListPaths = (
			);
			inputPaths = (
				"${PODS_PODFILE_DIR_PATH}/Podfile.lock",
				"${PODS_ROOT}/Manifest.lock",
			);
			name = "[CP] Check Pods Manifest.lock";
			outputFileListPaths = (
			);
			outputPaths = (
				"$(DERIVED_FILE_DIR)/Pods-Foodify-FoodifyUITests-checkManifestLockResult.txt",
			);
			runOnlyForDeploymentPostprocessing = 0;
			shellPath = /bin/sh;
			shellScript = "diff \"${PODS_PODFILE_DIR_PATH}/Podfile.lock\" \"${PODS_ROOT}/Manifest.lock\" > /dev/null\nif [ $? != 0 ] ; then\n    # print error to STDERR\n    echo \"error: The sandbox is not in sync with the Podfile.lock. Run 'pod install' or update your CocoaPods installation.\" >&2\n    exit 1\nfi\n# This output is used by Xcode 'outputs' to avoid re-running this script phase.\necho \"SUCCESS\" > \"${SCRIPT_OUTPUT_FILE_0}\"\n";
			showEnvVarsInLog = 0;
		};
		C171D2235A1EE6A85616010A /* [CP] Check Pods Manifest.lock */ = {
			isa = PBXShellScriptBuildPhase;
			buildActionMask = 2147483647;
			files = (
			);
			inputFileListPaths = (
			);
			inputPaths = (
				"${PODS_PODFILE_DIR_PATH}/Podfile.lock",
				"${PODS_ROOT}/Manifest.lock",
			);
			name = "[CP] Check Pods Manifest.lock";
			outputFileListPaths = (
			);
			outputPaths = (
				"$(DERIVED_FILE_DIR)/Pods-Foodify-checkManifestLockResult.txt",
			);
			runOnlyForDeploymentPostprocessing = 0;
			shellPath = /bin/sh;
			shellScript = "diff \"${PODS_PODFILE_DIR_PATH}/Podfile.lock\" \"${PODS_ROOT}/Manifest.lock\" > /dev/null\nif [ $? != 0 ] ; then\n    # print error to STDERR\n    echo \"error: The sandbox is not in sync with the Podfile.lock. Run 'pod install' or update your CocoaPods installation.\" >&2\n    exit 1\nfi\n# This output is used by Xcode 'outputs' to avoid re-running this script phase.\necho \"SUCCESS\" > \"${SCRIPT_OUTPUT_FILE_0}\"\n";
			showEnvVarsInLog = 0;
		};
		FFAFA78F914238C00C247B72 /* [CP] Embed Pods Frameworks */ = {
			isa = PBXShellScriptBuildPhase;
			buildActionMask = 2147483647;
			files = (
			);
			inputFileListPaths = (
				"${PODS_ROOT}/Target Support Files/Pods-Foodify-FoodifyUITests/Pods-Foodify-FoodifyUITests-frameworks-${CONFIGURATION}-input-files.xcfilelist",
			);
			name = "[CP] Embed Pods Frameworks";
			outputFileListPaths = (
				"${PODS_ROOT}/Target Support Files/Pods-Foodify-FoodifyUITests/Pods-Foodify-FoodifyUITests-frameworks-${CONFIGURATION}-output-files.xcfilelist",
			);
			runOnlyForDeploymentPostprocessing = 0;
			shellPath = /bin/sh;
			shellScript = "\"${PODS_ROOT}/Target Support Files/Pods-Foodify-FoodifyUITests/Pods-Foodify-FoodifyUITests-frameworks.sh\"\n";
			showEnvVarsInLog = 0;
		};
/* End PBXShellScriptBuildPhase section */

/* Begin PBXSourcesBuildPhase section */
		B09EF9A827D3836300A65B54 /* Sources */ = {
			isa = PBXSourcesBuildPhase;
			buildActionMask = 2147483647;
			files = (
				B09EF9E327D3A35F00A65B54 /* OnboardingSlide.swift in Sources */,
				B09EF9FC27D3F0B400A65B54 /* Strings.swift in Sources */,
				B09EF9FA27D3EF4900A65B54 /* DishCategory.swift in Sources */,
				B09EF9F127D3C78700A65B54 /* HomeVC.swift in Sources */,
				B09EF9EC27D3AC5500A65B54 /* OnboardingCVC.swift in Sources */,
				B09EF9B427D3836300A65B54 /* ViewController.swift in Sources */,
				B09EF9EA27D3A78400A65B54 /* UIViews.swift in Sources */,
				B09EF9F727D3EDA400A65B54 /* CategoryCVC.swift in Sources */,
				B09EF9E727D3A54200A65B54 /* OnboardingVC.swift in Sources */,
				B086611827F8A28E0098A0CC /* Dish.swift in Sources */,
				B09EF9B027D3836300A65B54 /* AppDelegate.swift in Sources */,
				B09EF9FE27D3F80D00A65B54 /* CardView.swift in Sources */,
				B09EF9B227D3836300A65B54 /* SceneDelegate.swift in Sources */,
				B086611527F8A0D50098A0CC /* PopularCVC.swift in Sources */,
			);
			runOnlyForDeploymentPostprocessing = 0;
		};
		B09EF9BE27D3836600A65B54 /* Sources */ = {
			isa = PBXSourcesBuildPhase;
			buildActionMask = 2147483647;
			files = (
				B09EF9C727D3836600A65B54 /* FoodifyTests.swift in Sources */,
			);
			runOnlyForDeploymentPostprocessing = 0;
		};
		B09EF9C827D3836600A65B54 /* Sources */ = {
			isa = PBXSourcesBuildPhase;
			buildActionMask = 2147483647;
			files = (
				B09EF9D127D3836600A65B54 /* FoodifyUITests.swift in Sources */,
				B09EF9D327D3836600A65B54 /* FoodifyUITestsLaunchTests.swift in Sources */,
			);
			runOnlyForDeploymentPostprocessing = 0;
		};
/* End PBXSourcesBuildPhase section */

/* Begin PBXTargetDependency section */
		B09EF9C427D3836600A65B54 /* PBXTargetDependency */ = {
			isa = PBXTargetDependency;
			target = B09EF9AB27D3836300A65B54 /* Foodify */;
			targetProxy = B09EF9C327D3836600A65B54 /* PBXContainerItemProxy */;
		};
		B09EF9CE27D3836600A65B54 /* PBXTargetDependency */ = {
			isa = PBXTargetDependency;
			target = B09EF9AB27D3836300A65B54 /* Foodify */;
			targetProxy = B09EF9CD27D3836600A65B54 /* PBXContainerItemProxy */;
		};
/* End PBXTargetDependency section */

/* Begin PBXVariantGroup section */
		B09EF9B527D3836300A65B54 /* Main.storyboard */ = {
			isa = PBXVariantGroup;
			children = (
				B09EF9B627D3836300A65B54 /* Base */,
			);
			name = Main.storyboard;
			sourceTree = "<group>";
		};
		B09EF9BA27D3836500A65B54 /* LaunchScreen.storyboard */ = {
			isa = PBXVariantGroup;
			children = (
				B09EF9BB27D3836500A65B54 /* Base */,
			);
			name = LaunchScreen.storyboard;
			sourceTree = "<group>";
		};
/* End PBXVariantGroup section */

/* Begin XCBuildConfiguration section */
		B09EF9D427D3836600A65B54 /* Debug */ = {
			isa = XCBuildConfiguration;
			buildSettings = {
				ALWAYS_SEARCH_USER_PATHS = NO;
				CLANG_ANALYZER_NONNULL = YES;
				CLANG_ANALYZER_NUMBER_OBJECT_CONVERSION = YES_AGGRESSIVE;
				CLANG_CXX_LANGUAGE_STANDARD = "gnu++17";
				CLANG_CXX_LIBRARY = "libc++";
				CLANG_ENABLE_MODULES = YES;
				CLANG_ENABLE_OBJC_ARC = YES;
				CLANG_ENABLE_OBJC_WEAK = YES;
				CLANG_WARN_BLOCK_CAPTURE_AUTORELEASING = YES;
				CLANG_WARN_BOOL_CONVERSION = YES;
				CLANG_WARN_COMMA = YES;
				CLANG_WARN_CONSTANT_CONVERSION = YES;
				CLANG_WARN_DEPRECATED_OBJC_IMPLEMENTATIONS = YES;
				CLANG_WARN_DIRECT_OBJC_ISA_USAGE = YES_ERROR;
				CLANG_WARN_DOCUMENTATION_COMMENTS = YES;
				CLANG_WARN_EMPTY_BODY = YES;
				CLANG_WARN_ENUM_CONVERSION = YES;
				CLANG_WARN_INFINITE_RECURSION = YES;
				CLANG_WARN_INT_CONVERSION = YES;
				CLANG_WARN_NON_LITERAL_NULL_CONVERSION = YES;
				CLANG_WARN_OBJC_IMPLICIT_RETAIN_SELF = YES;
				CLANG_WARN_OBJC_LITERAL_CONVERSION = YES;
				CLANG_WARN_OBJC_ROOT_CLASS = YES_ERROR;
				CLANG_WARN_QUOTED_INCLUDE_IN_FRAMEWORK_HEADER = YES;
				CLANG_WARN_RANGE_LOOP_ANALYSIS = YES;
				CLANG_WARN_STRICT_PROTOTYPES = YES;
				CLANG_WARN_SUSPICIOUS_MOVE = YES;
				CLANG_WARN_UNGUARDED_AVAILABILITY = YES_AGGRESSIVE;
				CLANG_WARN_UNREACHABLE_CODE = YES;
				CLANG_WARN__DUPLICATE_METHOD_MATCH = YES;
				COPY_PHASE_STRIP = NO;
				DEBUG_INFORMATION_FORMAT = dwarf;
				ENABLE_STRICT_OBJC_MSGSEND = YES;
				ENABLE_TESTABILITY = YES;
				GCC_C_LANGUAGE_STANDARD = gnu11;
				GCC_DYNAMIC_NO_PIC = NO;
				GCC_NO_COMMON_BLOCKS = YES;
				GCC_OPTIMIZATION_LEVEL = 0;
				GCC_PREPROCESSOR_DEFINITIONS = (
					"DEBUG=1",
					"$(inherited)",
				);
				GCC_WARN_64_TO_32_BIT_CONVERSION = YES;
				GCC_WARN_ABOUT_RETURN_TYPE = YES_ERROR;
				GCC_WARN_UNDECLARED_SELECTOR = YES;
				GCC_WARN_UNINITIALIZED_AUTOS = YES_AGGRESSIVE;
				GCC_WARN_UNUSED_FUNCTION = YES;
				GCC_WARN_UNUSED_VARIABLE = YES;
				IPHONEOS_DEPLOYMENT_TARGET = 15.2;
				MTL_ENABLE_DEBUG_INFO = INCLUDE_SOURCE;
				MTL_FAST_MATH = YES;
				ONLY_ACTIVE_ARCH = YES;
				SDKROOT = iphoneos;
				SWIFT_ACTIVE_COMPILATION_CONDITIONS = DEBUG;
				SWIFT_OPTIMIZATION_LEVEL = "-Onone";
			};
			name = Debug;
		};
		B09EF9D527D3836600A65B54 /* Release */ = {
			isa = XCBuildConfiguration;
			buildSettings = {
				ALWAYS_SEARCH_USER_PATHS = NO;
				CLANG_ANALYZER_NONNULL = YES;
				CLANG_ANALYZER_NUMBER_OBJECT_CONVERSION = YES_AGGRESSIVE;
				CLANG_CXX_LANGUAGE_STANDARD = "gnu++17";
				CLANG_CXX_LIBRARY = "libc++";
				CLANG_ENABLE_MODULES = YES;
				CLANG_ENABLE_OBJC_ARC = YES;
				CLANG_ENABLE_OBJC_WEAK = YES;
				CLANG_WARN_BLOCK_CAPTURE_AUTORELEASING = YES;
				CLANG_WARN_BOOL_CONVERSION = YES;
				CLANG_WARN_COMMA = YES;
				CLANG_WARN_CONSTANT_CONVERSION = YES;
				CLANG_WARN_DEPRECATED_OBJC_IMPLEMENTATIONS = YES;
				CLANG_WARN_DIRECT_OBJC_ISA_USAGE = YES_ERROR;
				CLANG_WARN_DOCUMENTATION_COMMENTS = YES;
				CLANG_WARN_EMPTY_BODY = YES;
				CLANG_WARN_ENUM_CONVERSION = YES;
				CLANG_WARN_INFINITE_RECURSION = YES;
				CLANG_WARN_INT_CONVERSION = YES;
				CLANG_WARN_NON_LITERAL_NULL_CONVERSION = YES;
				CLANG_WARN_OBJC_IMPLICIT_RETAIN_SELF = YES;
				CLANG_WARN_OBJC_LITERAL_CONVERSION = YES;
				CLANG_WARN_OBJC_ROOT_CLASS = YES_ERROR;
				CLANG_WARN_QUOTED_INCLUDE_IN_FRAMEWORK_HEADER = YES;
				CLANG_WARN_RANGE_LOOP_ANALYSIS = YES;
				CLANG_WARN_STRICT_PROTOTYPES = YES;
				CLANG_WARN_SUSPICIOUS_MOVE = YES;
				CLANG_WARN_UNGUARDED_AVAILABILITY = YES_AGGRESSIVE;
				CLANG_WARN_UNREACHABLE_CODE = YES;
				CLANG_WARN__DUPLICATE_METHOD_MATCH = YES;
				COPY_PHASE_STRIP = NO;
				DEBUG_INFORMATION_FORMAT = "dwarf-with-dsym";
				ENABLE_NS_ASSERTIONS = NO;
				ENABLE_STRICT_OBJC_MSGSEND = YES;
				GCC_C_LANGUAGE_STANDARD = gnu11;
				GCC_NO_COMMON_BLOCKS = YES;
				GCC_WARN_64_TO_32_BIT_CONVERSION = YES;
				GCC_WARN_ABOUT_RETURN_TYPE = YES_ERROR;
				GCC_WARN_UNDECLARED_SELECTOR = YES;
				GCC_WARN_UNINITIALIZED_AUTOS = YES_AGGRESSIVE;
				GCC_WARN_UNUSED_FUNCTION = YES;
				GCC_WARN_UNUSED_VARIABLE = YES;
				IPHONEOS_DEPLOYMENT_TARGET = 15.2;
				MTL_ENABLE_DEBUG_INFO = NO;
				MTL_FAST_MATH = YES;
				SDKROOT = iphoneos;
				SWIFT_COMPILATION_MODE = wholemodule;
				SWIFT_OPTIMIZATION_LEVEL = "-O";
				VALIDATE_PRODUCT = YES;
			};
			name = Release;
		};
		B09EF9D727D3836600A65B54 /* Debug */ = {
			isa = XCBuildConfiguration;
			baseConfigurationReference = 71161F2CE310FE22A23745DA /* Pods-Foodify.debug.xcconfig */;
			buildSettings = {
				ASSETCATALOG_COMPILER_APPICON_NAME = AppIcon;
				ASSETCATALOG_COMPILER_GLOBAL_ACCENT_COLOR_NAME = AccentColor;
				CODE_SIGN_STYLE = Automatic;
				CURRENT_PROJECT_VERSION = 1;
				DEVELOPMENT_TEAM = D35DBJP2M6;
				GENERATE_INFOPLIST_FILE = YES;
				INFOPLIST_FILE = Foodify/Info.plist;
				INFOPLIST_KEY_UIApplicationSupportsIndirectInputEvents = YES;
				INFOPLIST_KEY_UILaunchStoryboardName = LaunchScreen;
				INFOPLIST_KEY_UIMainStoryboardFile = Main;
				INFOPLIST_KEY_UISupportedInterfaceOrientations_iPad = "UIInterfaceOrientationPortrait UIInterfaceOrientationPortraitUpsideDown UIInterfaceOrientationLandscapeLeft UIInterfaceOrientationLandscapeRight";
				INFOPLIST_KEY_UISupportedInterfaceOrientations_iPhone = "UIInterfaceOrientationPortrait UIInterfaceOrientationLandscapeLeft UIInterfaceOrientationLandscapeRight";
				LD_RUNPATH_SEARCH_PATHS = (
					"$(inherited)",
					"@executable_path/Frameworks",
				);
				MARKETING_VERSION = 1.0;
				PRODUCT_BUNDLE_IDENTIFIER = com.codedprof.Foodify;
				PRODUCT_NAME = "$(TARGET_NAME)";
				SWIFT_EMIT_LOC_STRINGS = YES;
				SWIFT_VERSION = 5.0;
				TARGETED_DEVICE_FAMILY = "1,2";
			};
			name = Debug;
		};
		B09EF9D827D3836600A65B54 /* Release */ = {
			isa = XCBuildConfiguration;
			baseConfigurationReference = 8B47114496F614EC40A2D3AA /* Pods-Foodify.release.xcconfig */;
			buildSettings = {
				ASSETCATALOG_COMPILER_APPICON_NAME = AppIcon;
				ASSETCATALOG_COMPILER_GLOBAL_ACCENT_COLOR_NAME = AccentColor;
				CODE_SIGN_STYLE = Automatic;
				CURRENT_PROJECT_VERSION = 1;
				DEVELOPMENT_TEAM = D35DBJP2M6;
				GENERATE_INFOPLIST_FILE = YES;
				INFOPLIST_FILE = Foodify/Info.plist;
				INFOPLIST_KEY_UIApplicationSupportsIndirectInputEvents = YES;
				INFOPLIST_KEY_UILaunchStoryboardName = LaunchScreen;
				INFOPLIST_KEY_UIMainStoryboardFile = Main;
				INFOPLIST_KEY_UISupportedInterfaceOrientations_iPad = "UIInterfaceOrientationPortrait UIInterfaceOrientationPortraitUpsideDown UIInterfaceOrientationLandscapeLeft UIInterfaceOrientationLandscapeRight";
				INFOPLIST_KEY_UISupportedInterfaceOrientations_iPhone = "UIInterfaceOrientationPortrait UIInterfaceOrientationLandscapeLeft UIInterfaceOrientationLandscapeRight";
				LD_RUNPATH_SEARCH_PATHS = (
					"$(inherited)",
					"@executable_path/Frameworks",
				);
				MARKETING_VERSION = 1.0;
				PRODUCT_BUNDLE_IDENTIFIER = com.codedprof.Foodify;
				PRODUCT_NAME = "$(TARGET_NAME)";
				SWIFT_EMIT_LOC_STRINGS = YES;
				SWIFT_VERSION = 5.0;
				TARGETED_DEVICE_FAMILY = "1,2";
			};
			name = Release;
		};
		B09EF9DA27D3836600A65B54 /* Debug */ = {
			isa = XCBuildConfiguration;
			baseConfigurationReference = F16C065C9DFDBA23676CD9A8 /* Pods-FoodifyTests.debug.xcconfig */;
			buildSettings = {
				ALWAYS_EMBED_SWIFT_STANDARD_LIBRARIES = YES;
				BUNDLE_LOADER = "$(TEST_HOST)";
				CODE_SIGN_STYLE = Automatic;
				CURRENT_PROJECT_VERSION = 1;
				DEVELOPMENT_TEAM = D35DBJP2M6;
				GENERATE_INFOPLIST_FILE = YES;
				IPHONEOS_DEPLOYMENT_TARGET = 15.2;
				MARKETING_VERSION = 1.0;
				PRODUCT_BUNDLE_IDENTIFIER = com.codedprof.FoodifyTests;
				PRODUCT_NAME = "$(TARGET_NAME)";
				SWIFT_EMIT_LOC_STRINGS = NO;
				SWIFT_VERSION = 5.0;
				TARGETED_DEVICE_FAMILY = "1,2";
				TEST_HOST = "$(BUILT_PRODUCTS_DIR)/Foodify.app/Foodify";
			};
			name = Debug;
		};
		B09EF9DB27D3836600A65B54 /* Release */ = {
			isa = XCBuildConfiguration;
			baseConfigurationReference = 05AF5D877AC69714132038F3 /* Pods-FoodifyTests.release.xcconfig */;
			buildSettings = {
				ALWAYS_EMBED_SWIFT_STANDARD_LIBRARIES = YES;
				BUNDLE_LOADER = "$(TEST_HOST)";
				CODE_SIGN_STYLE = Automatic;
				CURRENT_PROJECT_VERSION = 1;
				DEVELOPMENT_TEAM = D35DBJP2M6;
				GENERATE_INFOPLIST_FILE = YES;
				IPHONEOS_DEPLOYMENT_TARGET = 15.2;
				MARKETING_VERSION = 1.0;
				PRODUCT_BUNDLE_IDENTIFIER = com.codedprof.FoodifyTests;
				PRODUCT_NAME = "$(TARGET_NAME)";
				SWIFT_EMIT_LOC_STRINGS = NO;
				SWIFT_VERSION = 5.0;
				TARGETED_DEVICE_FAMILY = "1,2";
				TEST_HOST = "$(BUILT_PRODUCTS_DIR)/Foodify.app/Foodify";
			};
			name = Release;
		};
		B09EF9DD27D3836600A65B54 /* Debug */ = {
			isa = XCBuildConfiguration;
			baseConfigurationReference = 9F93A50D2A05A3C498E1F104 /* Pods-Foodify-FoodifyUITests.debug.xcconfig */;
			buildSettings = {
				ALWAYS_EMBED_SWIFT_STANDARD_LIBRARIES = YES;
				CODE_SIGN_STYLE = Automatic;
				CURRENT_PROJECT_VERSION = 1;
				DEVELOPMENT_TEAM = D35DBJP2M6;
				GENERATE_INFOPLIST_FILE = YES;
				MARKETING_VERSION = 1.0;
				PRODUCT_BUNDLE_IDENTIFIER = com.codedprof.FoodifyUITests;
				PRODUCT_NAME = "$(TARGET_NAME)";
				SWIFT_EMIT_LOC_STRINGS = NO;
				SWIFT_VERSION = 5.0;
				TARGETED_DEVICE_FAMILY = "1,2";
				TEST_TARGET_NAME = Foodify;
			};
			name = Debug;
		};
		B09EF9DE27D3836600A65B54 /* Release */ = {
			isa = XCBuildConfiguration;
			baseConfigurationReference = C11703E24628D6C2C567E542 /* Pods-Foodify-FoodifyUITests.release.xcconfig */;
			buildSettings = {
				ALWAYS_EMBED_SWIFT_STANDARD_LIBRARIES = YES;
				CODE_SIGN_STYLE = Automatic;
				CURRENT_PROJECT_VERSION = 1;
				DEVELOPMENT_TEAM = D35DBJP2M6;
				GENERATE_INFOPLIST_FILE = YES;
				MARKETING_VERSION = 1.0;
				PRODUCT_BUNDLE_IDENTIFIER = com.codedprof.FoodifyUITests;
				PRODUCT_NAME = "$(TARGET_NAME)";
				SWIFT_EMIT_LOC_STRINGS = NO;
				SWIFT_VERSION = 5.0;
				TARGETED_DEVICE_FAMILY = "1,2";
				TEST_TARGET_NAME = Foodify;
			};
			name = Release;
		};
/* End XCBuildConfiguration section */

/* Begin XCConfigurationList section */
		B09EF9A727D3836300A65B54 /* Build configuration list for PBXProject "Foodify" */ = {
			isa = XCConfigurationList;
			buildConfigurations = (
				B09EF9D427D3836600A65B54 /* Debug */,
				B09EF9D527D3836600A65B54 /* Release */,
			);
			defaultConfigurationIsVisible = 0;
			defaultConfigurationName = Release;
		};
		B09EF9D627D3836600A65B54 /* Build configuration list for PBXNativeTarget "Foodify" */ = {
			isa = XCConfigurationList;
			buildConfigurations = (
				B09EF9D727D3836600A65B54 /* Debug */,
				B09EF9D827D3836600A65B54 /* Release */,
			);
			defaultConfigurationIsVisible = 0;
			defaultConfigurationName = Release;
		};
		B09EF9D927D3836600A65B54 /* Build configuration list for PBXNativeTarget "FoodifyTests" */ = {
			isa = XCConfigurationList;
			buildConfigurations = (
				B09EF9DA27D3836600A65B54 /* Debug */,
				B09EF9DB27D3836600A65B54 /* Release */,
			);
			defaultConfigurationIsVisible = 0;
			defaultConfigurationName = Release;
		};
		B09EF9DC27D3836600A65B54 /* Build configuration list for PBXNativeTarget "FoodifyUITests" */ = {
			isa = XCConfigurationList;
			buildConfigurations = (
				B09EF9DD27D3836600A65B54 /* Debug */,
				B09EF9DE27D3836600A65B54 /* Release */,
			);
			defaultConfigurationIsVisible = 0;
			defaultConfigurationName = Release;
		};
/* End XCConfigurationList section */
	};
	rootObject = B09EF9A427D3836300A65B54 /* Project object */;
}
